
Microsoft Visual Studio Solution File, Format Version 12.00
# Visual Studio Version 17
VisualStudioVersion = 17.2.32616.157
MinimumVisualStudioVersion = 10.0.40219.1
Project("{888888A0-9F3D-457C-B088-3A5042F75D52}") = "client", "client\client.pyproj", "{3558ABB3-29AD-4EBD-A2EF-688C84A47B07}"
EndProject
Global
	GlobalSection(SolutionConfigurationPlatforms) = preSolution
		Debug|Any CPU = Debug|Any CPU
		Release|Any CPU = Release|Any CPU
	EndGlobalSection
	GlobalSection(ProjectConfigurationPlatforms) = postSolution
		{3558ABB3-29AD-4EBD-A2EF-688C84A47B07}.Debug|Any CPU.ActiveCfg = Debug|Any CPU
		{3558ABB3-29AD-4EBD-A2EF-688C84A47B07}.Release|Any CPU.ActiveCfg = Release|Any CPU
	EndGlobalSection
	GlobalSection(SolutionProperties) = preSolution
		HideSolutionNode = FALSE
	EndGlobalSection
	GlobalSection(ExtensibilityGlobals) = postSolution
		SolutionGuid = {0348CCDA-00FB-4A75-B2C6-E74FE2C247D4}
	EndGlobalSection
EndGlobal
